
Microsoft Visual Studio Solution File, Format Version 12.00
# Visual Studio 15
VisualStudioVersion = 15.0.27130.0
MinimumVisualStudioVersion = 10.0.40219.1
Project("{FAE04EC0-301F-11D3-BF4B-00C04F79EFBC}") = "TestInterop", "TestInterop\TestInterop.csproj", "{6C85688B-E970-4428-959F-8C7528F36467}"
EndProject
Global
	GlobalSection(SolutionConfigurationPlatforms) = preSolution
		Debug|Any CPU = Debug|Any CPU
		Release|Any CPU = Release|Any CPU
	EndGlobalSection
	GlobalSection(ProjectConfigurationPlatforms) = postSolution
		{6C85688B-E970-4428-959F-8C7528F36467}.Debug|Any CPU.ActiveCfg = Debug|Any CPU
		{6C85688B-E970-4428-959F-8C7528F36467}.Debug|Any CPU.Build.0 = Debug|Any CPU
		{6C85688B-E970-4428-959F-8C7528F36467}.Release|Any CPU.ActiveCfg = Release|Any CPU
		{6C85688B-E970-4428-959F-8C7528F36467}.Release|Any CPU.Build.0 = Release|Any CPU
	EndGlobalSection
	GlobalSection(SolutionProperties) = preSolution
		HideSolutionNode = FALSE
	EndGlobalSection
	GlobalSection(ExtensibilityGlobals) = postSolution
		SolutionGuid = {60381B3F-5F71-45D0-8967-CD2C97196C6D}
	EndGlobalSection
EndGlobal
